
Microsoft Visual Studio Solution File, Format Version 12.00
# Visual Studio Version 17
VisualStudioVersion = 17.14.37111.16 d17.14
MinimumVisualStudioVersion = 10.0.40219.1
Project("{FAE04EC0-301F-11D3-BF4B-00C04F79EFBC}") = "BlazorProject1", "BlazorProject1.csproj", "{C3395299-0D91-41FA-BE23-BB73D8463E60}"
EndProject
Global
	GlobalSection(SolutionConfigurationPlatforms) = preSolution
		Debug|Any CPU = Debug|Any CPU
		Release|Any CPU = Release|Any CPU
	EndGlobalSection
	GlobalSection(ProjectConfigurationPlatforms) = postSolution
		{C3395299-0D91-41FA-BE23-BB73D8463E60}.Debug|Any CPU.ActiveCfg = Debug|Any CPU
		{C3395299-0D91-41FA-BE23-BB73D8463E60}.Debug|Any CPU.Build.0 = Debug|Any CPU
		{C3395299-0D91-41FA-BE23-BB73D8463E60}.Release|Any CPU.ActiveCfg = Release|Any CPU
		{C3395299-0D91-41FA-BE23-BB73D8463E60}.Release|Any CPU.Build.0 = Release|Any CPU
	EndGlobalSection
	GlobalSection(SolutionProperties) = preSolution
		HideSolutionNode = FALSE
	EndGlobalSection
	GlobalSection(ExtensibilityGlobals) = postSolution
		SolutionGuid = {1CB3BE00-74D3-4BA7-83D1-BF88B5AC22FA}
	EndGlobalSection
EndGlobal
